
Microsoft Visual Studio Solution File, Format Version 12.00
# Visual Studio Version 16
VisualStudioVersion = 16.0.30804.86
MinimumVisualStudioVersion = 10.0.40219.1
Project("{9A19103F-16F7-4668-BE54-9A1E7A4F7556}") = "Behavioral.TemplateMethod", "Behavioral.TemplateMethod.csproj", "{88E69A8F-0C06-48A1-9704-FA4433978167}"
EndProject
Global
	GlobalSection(SolutionConfigurationPlatforms) = preSolution
		Debug|Any CPU = Debug|Any CPU
		Release|Any CPU = Release|Any CPU
	EndGlobalSection
	GlobalSection(ProjectConfigurationPlatforms) = postSolution
		{88E69A8F-0C06-48A1-9704-FA4433978167}.Debug|Any CPU.ActiveCfg = Debug|Any CPU
		{88E69A8F-0C06-48A1-9704-FA4433978167}.Debug|Any CPU.Build.0 = Debug|Any CPU
		{88E69A8F-0C06-48A1-9704-FA4433978167}.Release|Any CPU.ActiveCfg = Release|Any CPU
		{88E69A8F-0C06-48A1-9704-FA4433978167}.Release|Any CPU.Build.0 = Release|Any CPU
	EndGlobalSection
	GlobalSection(SolutionProperties) = preSolution
		HideSolutionNode = FALSE
	EndGlobalSection
	GlobalSection(ExtensibilityGlobals) = postSolution
		SolutionGuid = {8CD002A1-6A37-4E5E-8AC0-0F0F248BF1A9}
	EndGlobalSection
EndGlobal
